
Microsoft Visual Studio Solution File, Format Version 12.00
# Visual Studio Version 16
VisualStudioVersion = 16.0.30709.132
MinimumVisualStudioVersion = 10.0.40219.1
Project("{FAE04EC0-301F-11D3-BF4B-00C04F79EFBC}") = "DunderMifflin", "DunderMifflin\DunderMifflin.csproj", "{FDBE4FFD-7620-4298-BC79-EE8453ABF362}"
EndProject
Global
	GlobalSection(SolutionConfigurationPlatforms) = preSolution
		Debug|Any CPU = Debug|Any CPU
		Release|Any CPU = Release|Any CPU
	EndGlobalSection
	GlobalSection(ProjectConfigurationPlatforms) = postSolution
		{FDBE4FFD-7620-4298-BC79-EE8453ABF362}.Debug|Any CPU.ActiveCfg = Debug|Any CPU
		{FDBE4FFD-7620-4298-BC79-EE8453ABF362}.Debug|Any CPU.Build.0 = Debug|Any CPU
		{FDBE4FFD-7620-4298-BC79-EE8453ABF362}.Release|Any CPU.ActiveCfg = Release|Any CPU
		{FDBE4FFD-7620-4298-BC79-EE8453ABF362}.Release|Any CPU.Build.0 = Release|Any CPU
	EndGlobalSection
	GlobalSection(SolutionProperties) = preSolution
		HideSolutionNode = FALSE
	EndGlobalSection
	GlobalSection(ExtensibilityGlobals) = postSolution
		SolutionGuid = {6479AEFC-4A12-44D5-81AC-968A8E4B7AA0}
	EndGlobalSection
EndGlobal
